PODS:
  - AviarySDK (4.4.5)
  - GPUImage (0.1.7)
  - PBJVision (0.4.2)

DEPENDENCIES:
  - AviarySDK
  - GPUImage
  - PBJVision

SPEC CHECKSUMS:
  AviarySDK: 311bdc7c2a81aee93ab1dc7bb5f3e4ef6ee52041
  GPUImage: 733a5f0fab92df9de1c37ba9df520a833ccb406d
  PBJVision: fe43c9a58bb1c1277d16fd802fa836d25e034a45

COCOAPODS: 0.39.0
